// !$*UTF8*$!
{
	archiveVersion = 1;
	classes = {
	};
	objectVersion = 46;
	objects = {

/* Begin PBXBuildFile section */
		986D83561F682905006ED37F /* AppDelegate.swift in Sources */ = {isa = PBXBuildFile; fileRef = 986D83551F682905006ED37F /* AppDelegate.swift */; };
		986D835B1F682905006ED37F /* Main.storyboard in Resources */ = {isa = PBXBuildFile; fileRef = 986D83591F682905006ED37F /* Main.storyboard */; };
		986D835D1F682905006ED37F /* Assets.xcassets in Resources */ = {isa = PBXBuildFile; fileRef = 986D835C1F682905006ED37F /* Assets.xcassets */; };
		986D83601F682905006ED37F /* LaunchScreen.storyboard in Resources */ = {isa = PBXBuildFile; fileRef = 986D835E1F682905006ED37F /* LaunchScreen.storyboard */; };
		986D83681F68296F006ED37F /* MoviesViewController.swift in Sources */ = {isa = PBXBuildFile; fileRef = 986D83671F68296F006ED37F /* MoviesViewController.swift */; };
		986D836B1F68AC53006ED37F /* MovieCell.swift in Sources */ = {isa = PBXBuildFile; fileRef = 986D836A1F68AC53006ED37F /* MovieCell.swift */; };
		986D836E1F697CBC006ED37F /* DetailViewController.swift in Sources */ = {isa = PBXBuildFile; fileRef = 986D836D1F697CBC006ED37F /* DetailViewController.swift */; };
		986D83971F6B28B7006ED37F /* iconmonstr-warning-7.svg in Resources */ = {isa = PBXBuildFile; fileRef = 986D83961F6B28B7006ED37F /* iconmonstr-warning-7.svg */; };
		B0B970349D3F26763109E544 /* Pods_MovieViewer.framework in Frameworks */ = {isa = PBXBuildFile; fileRef = 61D790257C989504FCCB7F3C /* Pods_MovieViewer.framework */; };
/* End PBXBuildFile section */

/* Begin PBXFileReference section */
		61D790257C989504FCCB7F3C /* Pods_MovieViewer.framework */ = {isa = PBXFileReference; explicitFileType = wrapper.framework; includeInIndex = 0; path = Pods_MovieViewer.framework; sourceTree = BUILT_PRODUCTS_DIR; };
		8ED6EA4077C825C402E0F5C4 /* Pods-MovieViewer.debug.xcconfig */ = {isa = PBXFileReference; includeInIndex = 1; lastKnownFileType = text.xcconfig; name = "Pods-MovieViewer.debug.xcconfig"; path = "Pods/Target Support Files/Pods-MovieViewer/Pods-MovieViewer.debug.xcconfig"; sourceTree = "<group>"; };
		986D83521F682905006ED37F /* MovieViewer.app */ = {isa = PBXFileReference; explicitFileType = wrapper.application; includeInIndex = 0; path = MovieViewer.app; sourceTree = BUILT_PRODUCTS_DIR; };
		986D83551F682905006ED37F /* AppDelegate.swift */ = {isa = PBXFileReference; lastKnownFileType = sourcecode.swift; path = AppDelegate.swift; sourceTree = "<group>"; };
		986D835A1F682905006ED37F /* Base */ = {isa = PBXFileReference; lastKnownFileType = file.storyboard; name = Base; path = Base.lproj/Main.storyboard; sourceTree = "<group>"; };
		986D835C1F682905006ED37F /* Assets.xcassets */ = {isa = PBXFileReference; lastKnownFileType = folder.assetcatalog; path = Assets.xcassets; sourceTree = "<group>"; };
		986D835F1F682905006ED37F /* Base */ = {isa = PBXFileReference; lastKnownFileType = file.storyboard; name = Base; path = Base.lproj/LaunchScreen.storyboard; sourceTree = "<group>"; };
		986D83611F682905006ED37F /* Info.plist */ = {isa = PBXFileReference; lastKnownFileType = text.plist.xml; path = Info.plist; sourceTree = "<group>"; };
		986D83671F68296F006ED37F /* MoviesViewController.swift */ = {isa = PBXFileReference; fileEncoding = 4; lastKnownFileType = sourcecode.swift; path = MoviesViewController.swift; sourceTree = "<group>"; };
		986D836A1F68AC53006ED37F /* MovieCell.swift */ = {isa = PBXFileReference; fileEncoding = 4; lastKnownFileType = sourcecode.swift; path = MovieCell.swift; sourceTree = "<group>"; };
		986D836D1F697CBC006ED37F /* DetailViewController.swift */ = {isa = PBXFileReference; fileEncoding = 4; lastKnownFileType = sourcecode.swift; path = DetailViewController.swift; sourceTree = "<group>"; };
		986D83961F6B28B7006ED37F /* iconmonstr-warning-7.svg */ = {isa = PBXFileReference; fileEncoding = 4; lastKnownFileType = text; path = "iconmonstr-warning-7.svg"; sourceTree = "<group>"; };
		C692D667941B5813A76C4C92 /* Pods-MovieViewer.release.xcconfig */ = {isa = PBXFileReference; includeInIndex = 1; lastKnownFileType = text.xcconfig; name = "Pods-MovieViewer.release.xcconfig"; path = "Pods/Target Support Files/Pods-MovieViewer/Pods-MovieViewer.release.xcconfig"; sourceTree = "<group>"; };
/* End PBXFileReference section */

/* Begin PBXFrameworksBuildPhase section */
		986D834F1F682905006ED37F /* Frameworks */ = {
			isa = PBXFrameworksBuildPhase;
			buildActionMask = 2147483647;
			files = (
				B0B970349D3F26763109E544 /* Pods_MovieViewer.framework in Frameworks */,
			);
			runOnlyForDeploymentPostprocessing = 0;
		};
/* End PBXFrameworksBuildPhase section */

/* Begin PBXGroup section */
		344F755204E7D2A91566243A /* Frameworks */ = {
			isa = PBXGroup;
			children = (
				61D790257C989504FCCB7F3C /* Pods_MovieViewer.framework */,
			);
			name = Frameworks;
			sourceTree = "<group>";
		};
		986D83491F682905006ED37F = {
			isa = PBXGroup;
			children = (
				986D83541F682905006ED37F /* MovieViewer */,
				986D83531F682905006ED37F /* Products */,
				C9BD2953DC78506877F1446D /* Pods */,
				344F755204E7D2A91566243A /* Frameworks */,
			);
			sourceTree = "<group>";
		};
		986D83531F682905006ED37F /* Products */ = {
			isa = PBXGroup;
			children = (
				986D83521F682905006ED37F /* MovieViewer.app */,
			);
			name = Products;
			sourceTree = "<group>";
		};
		986D83541F682905006ED37F /* MovieViewer */ = {
			isa = PBXGroup;
			children = (
				986D83951F6B2894006ED37F /* images */,
				986D836C1F697BF1006ED37F /* ViewControllers */,
				986D83691F68AC2E006ED37F /* Views */,
				986D83551F682905006ED37F /* AppDelegate.swift */,
				986D83591F682905006ED37F /* Main.storyboard */,
				986D835C1F682905006ED37F /* Assets.xcassets */,
				986D835E1F682905006ED37F /* LaunchScreen.storyboard */,
				986D83611F682905006ED37F /* Info.plist */,
			);
			path = MovieViewer;
			sourceTree = "<group>";
		};
		986D83691F68AC2E006ED37F /* Views */ = {
			isa = PBXGroup;
			children = (
				986D836A1F68AC53006ED37F /* MovieCell.swift */,
			);
			name = Views;
			sourceTree = "<group>";
		};
		986D836C1F697BF1006ED37F /* ViewControllers */ = {
			isa = PBXGroup;
			children = (
				986D83671F68296F006ED37F /* MoviesViewController.swift */,
				986D836D1F697CBC006ED37F /* DetailViewController.swift */,
			);
			name = ViewControllers;
			sourceTree = "<group>";
		};
		986D83951F6B2894006ED37F /* images */ = {
			isa = PBXGroup;
			children = (
				986D83961F6B28B7006ED37F /* iconmonstr-warning-7.svg */,
			);
			name = images;
			sourceTree = "<group>";
		};
		C9BD2953DC78506877F1446D /* Pods */ = {
			isa = PBXGroup;
			children = (
				8ED6EA4077C825C402E0F5C4 /* Pods-MovieViewer.debug.xcconfig */,
				C692D667941B5813A76C4C92 /* Pods-MovieViewer.release.xcconfig */,
			);
			name = Pods;
			sourceTree = "<group>";
		};
/* End PBXGroup section */

/* Begin PBXNativeTarget section */
		986D83511F682905006ED37F /* MovieViewer */ = {
			isa = PBXNativeTarget;
			buildConfigurationList = 986D83641F682905006ED37F /* Build configuration list for PBXNativeTarget "MovieViewer" */;
			buildPhases = (
				E20F17A40094EB0114FA4EC2 /* [CP] Check Pods Manifest.lock */,
				986D834E1F682905006ED37F /* Sources */,
				986D834F1F682905006ED37F /* Frameworks */,
				986D83501F682905006ED37F /* Resources */,
				ED4F3DF516F60DD7DF42F720 /* [CP] Embed Pods Frameworks */,
				1697D8790DED6B0DFC05D928 /* [CP] Copy Pods Resources */,
			);
			buildRules = (
			);
			dependencies = (
			);
			name = MovieViewer;
			productName = MovieViewer;
			productReference = 986D83521F682905006ED37F /* MovieViewer.app */;
			productType = "com.apple.product-type.application";
		};
/* End PBXNativeTarget section */

/* Begin PBXProject section */
		986D834A1F682905006ED37F /* Project object */ = {
			isa = PBXProject;
			attributes = {
				LastSwiftUpdateCheck = 0820;
				LastUpgradeCheck = 0820;
				ORGANIZATIONNAME = "Rajat Bhargava";
				TargetAttributes = {
					986D83511F682905006ED37F = {
						CreatedOnToolsVersion = 8.2.1;
						ProvisioningStyle = Automatic;
					};
				};
			};
			buildConfigurationList = 986D834D1F682905006ED37F /* Build configuration list for PBXProject "MovieViewer" */;
			compatibilityVersion = "Xcode 3.2";
			developmentRegion = English;
			hasScannedForEncodings = 0;
			knownRegions = (
				en,
				Base,
			);
			mainGroup = 986D83491F682905006ED37F;
			productRefGroup = 986D83531F682905006ED37F /* Products */;
			projectDirPath = "";
			projectRoot = "";
			targets = (
				986D83511F682905006ED37F /* MovieViewer */,
			);
		};
/* End PBXProject section */

/* Begin PBXResourcesBuildPhase section */
		986D83501F682905006ED37F /* Resources */ = {
			isa = PBXResourcesBuildPhase;
			buildActionMask = 2147483647;
			files = (
				986D83601F682905006ED37F /* LaunchScreen.storyboard in Resources */,
				986D83971F6B28B7006ED37F /* iconmonstr-warning-7.svg in Resources */,
				986D835D1F682905006ED37F /* Assets.xcassets in Resources */,
				986D835B1F682905006ED37F /* Main.storyboard in Resources */,
			);
			runOnlyForDeploymentPostprocessing = 0;
		};
/* End PBXResourcesBuildPhase section */

/* Begin PBXShellScriptBuildPhase section */
		1697D8790DED6B0DFC05D928 /* [CP] Copy Pods Resources */ = {
			isa = PBXShellScriptBuildPhase;
			buildActionMask = 2147483647;
			files = (
			);
			inputPaths = (
			);
			name = "[CP] Copy Pods Resources";
			outputPaths = (
			);
			runOnlyForDeploymentPostprocessing = 0;
			shellPath = /bin/sh;
			shellScript = "\"${SRCROOT}/Pods/Target Support Files/Pods-MovieViewer/Pods-MovieViewer-resources.sh\"\n";
			showEnvVarsInLog = 0;
		};
		E20F17A40094EB0114FA4EC2 /* [CP] Check Pods Manifest.lock */ = {
			isa = PBXShellScriptBuildPhase;
			buildActionMask = 2147483647;
			files = (
			);
			inputPaths = (
				"${PODS_PODFILE_DIR_PATH}/Podfile.lock",
				"${PODS_ROOT}/Manifest.lock",
			);
			name = "[CP] Check Pods Manifest.lock";
			outputPaths = (
				"$(DERIVED_FILE_DIR)/Pods-MovieViewer-checkManifestLockResult.txt",
			);
			runOnlyForDeploymentPostprocessing = 0;
			shellPath = /bin/sh;
			shellScript = "diff \"${PODS_PODFILE_DIR_PATH}/Podfile.lock\" \"${PODS_ROOT}/Manifest.lock\" > /dev/null\nif [ $? != 0 ] ; then\n    # print error to STDERR\n    echo \"error: The sandbox is not in sync with the Podfile.lock. Run 'pod install' or update your CocoaPods installation.\" >&2\n    exit 1\nfi\n# This output is used by Xcode 'outputs' to avoid re-running this script phase.\necho \"SUCCESS\" > \"${SCRIPT_OUTPUT_FILE_0}\"\n";
			showEnvVarsInLog = 0;
		};
		ED4F3DF516F60DD7DF42F720 /* [CP] Embed Pods Frameworks */ = {
			isa = PBXShellScriptBuildPhase;
			buildActionMask = 2147483647;
			files = (
			);
			inputPaths = (
				"${SRCROOT}/Pods/Target Support Files/Pods-MovieViewer/Pods-MovieViewer-frameworks.sh",
				"${BUILT_PRODUCTS_DIR}/AFNetworking/AFNetworking.framework",
				"${BUILT_PRODUCTS_DIR}/MBProgressHUD/MBProgressHUD.framework",
				"${BUILT_PRODUCTS_DIR}/UIColor_Hex_Swift/UIColor_Hex_Swift.framework",
			);
			name = "[CP] Embed Pods Frameworks";
			outputPaths = (
				"${TARGET_BUILD_DIR}/${FRAMEWORKS_FOLDER_PATH}/AFNetworking.framework",
				"${TARGET_BUILD_DIR}/${FRAMEWORKS_FOLDER_PATH}/MBProgressHUD.framework",
				"${TARGET_BUILD_DIR}/${FRAMEWORKS_FOLDER_PATH}/UIColor_Hex_Swift.framework",
			);
			runOnlyForDeploymentPostprocessing = 0;
			shellPath = /bin/sh;
			shellScript = "\"${SRCROOT}/Pods/Target Support Files/Pods-MovieViewer/Pods-MovieViewer-frameworks.sh\"\n";
			showEnvVarsInLog = 0;
		};
/* End PBXShellScriptBuildPhase section */

/* Begin PBXSourcesBuildPhase section */
		986D834E1F682905006ED37F /* Sources */ = {
			isa = PBXSourcesBuildPhase;
			buildActionMask = 2147483647;
			files = (
				986D83561F682905006ED37F /* AppDelegate.swift in Sources */,
				986D83681F68296F006ED37F /* MoviesViewController.swift in Sources */,
				986D836B1F68AC53006ED37F /* MovieCell.swift in Sources */,
				986D836E1F697CBC006ED37F /* DetailViewController.swift in Sources */,
			);
			runOnlyForDeploymentPostprocessing = 0;
		};
/* End PBXSourcesBuildPhase section */

/* Begin PBXVariantGroup section */
		986D83591F682905006ED37F /* Main.storyboard */ = {
			isa = PBXVariantGroup;
			children = (
				986D835A1F682905006ED37F /* Base */,
			);
			name = Main.storyboard;
			sourceTree = "<group>";
		};
		986D835E1F682905006ED37F /* LaunchScreen.storyboard */ = {
			isa = PBXVariantGroup;
			children = (
				986D835F1F682905006ED37F /* Base */,
			);
			name = LaunchScreen.storyboard;
			sourceTree = "<group>";
		};
/* End PBXVariantGroup section */

/* Begin XCBuildConfiguration section */
		986D83621F682905006ED37F /* Debug */ = {
			isa = XCBuildConfiguration;
			buildSettings = {
				ALWAYS_SEARCH_USER_PATHS = NO;
				CLANG_ANALYZER_NONNULL = YES;
				CLANG_CXX_LANGUAGE_STANDARD = "gnu++0x";
				CLANG_CXX_LIBRARY = "libc++";
				CLANG_ENABLE_MODULES = YES;
				CLANG_ENABLE_OBJC_ARC = YES;
				CLANG_WARN_BOOL_CONVERSION = YES;
				CLANG_WARN_CONSTANT_CONVERSION = YES;
				CLANG_WARN_DIRECT_OBJC_ISA_USAGE = YES_ERROR;
				CLANG_WARN_DOCUMENTATION_COMMENTS = YES;
				CLANG_WARN_EMPTY_BODY = YES;
				CLANG_WARN_ENUM_CONVERSION = YES;
				CLANG_WARN_INFINITE_RECURSION = YES;
				CLANG_WARN_INT_CONVERSION = YES;
				CLANG_WARN_OBJC_ROOT_CLASS = YES_ERROR;
				CLANG_WARN_SUSPICIOUS_MOVE = YES;
				CLANG_WARN_UNREACHABLE_CODE = YES;
				CLANG_WARN__DUPLICATE_METHOD_MATCH = YES;
				"CODE_SIGN_IDENTITY[sdk=iphoneos*]" = "iPhone Developer";
				COPY_PHASE_STRIP = NO;
				DEBUG_INFORMATION_FORMAT = dwarf;
				ENABLE_STRICT_OBJC_MSGSEND = YES;
				ENABLE_TESTABILITY = YES;
				GCC_C_LANGUAGE_STANDARD = gnu99;
				GCC_DYNAMIC_NO_PIC = NO;
				GCC_NO_COMMON_BLOCKS = YES;
				GCC_OPTIMIZATION_LEVEL = 0;
				GCC_PREPROCESSOR_DEFINITIONS = (
					"DEBUG=1",
					"$(inherited)",
				);
				GCC_WARN_64_TO_32_BIT_CONVERSION = YES;
				GCC_WARN_ABOUT_RETURN_TYPE = YES_ERROR;
				GCC_WARN_UNDECLARED_SELECTOR = YES;
				GCC_WARN_UNINITIALIZED_AUTOS = YES_AGGRESSIVE;
				GCC_WARN_UNUSED_FUNCTION = YES;
				GCC_WARN_UNUSED_VARIABLE = YES;
				IPHONEOS_DEPLOYMENT_TARGET = 10.2;
				MTL_ENABLE_DEBUG_INFO = YES;
				ONLY_ACTIVE_ARCH = YES;
				SDKROOT = iphoneos;
				SWIFT_ACTIVE_COMPILATION_CONDITIONS = DEBUG;
				SWIFT_OPTIMIZATION_LEVEL = "-Onone";
			};
			name = Debug;
		};
		986D83631F682905006ED37F /* Release */ = {
			isa = XCBuildConfiguration;
			buildSettings = {
				ALWAYS_SEARCH_USER_PATHS = NO;
				CLANG_ANALYZER_NONNULL = YES;
				CLANG_CXX_LANGUAGE_STANDARD = "gnu++0x";
				CLANG_CXX_LIBRARY = "libc++";
				CLANG_ENABLE_MODULES = YES;
				CLANG_ENABLE_OBJC_ARC = YES;
				CLANG_WARN_BOOL_CONVERSION = YES;
				CLANG_WARN_CONSTANT_CONVERSION = YES;
				CLANG_WARN_DIRECT_OBJC_ISA_USAGE = YES_ERROR;
				CLANG_WARN_DOCUMENTATION_COMMENTS = YES;
				CLANG_WARN_EMPTY_BODY = YES;
				CLANG_WARN_ENUM_CONVERSION = YES;
				CLANG_WARN_INFINITE_RECURSION = YES;
				CLANG_WARN_INT_CONVERSION = YES;
				CLANG_WARN_OBJC_ROOT_CLASS = YES_ERROR;
				CLANG_WARN_SUSPICIOUS_MOVE = YES;
				CLANG_WARN_UNREACHABLE_CODE = YES;
				CLANG_WARN__DUPLICATE_METHOD_MATCH = YES;
				"CODE_SIGN_IDENTITY[sdk=iphoneos*]" = "iPhone Developer";
				COPY_PHASE_STRIP = NO;
				DEBUG_INFORMATION_FORMAT = "dwarf-with-dsym";
				ENABLE_NS_ASSERTIONS = NO;
				ENABLE_STRICT_OBJC_MSGSEND = YES;
				GCC_C_LANGUAGE_STANDARD = gnu99;
				GCC_NO_COMMON_BLOCKS = YES;
				GCC_WARN_64_TO_32_BIT_CONVERSION = YES;
				GCC_WARN_ABOUT_RETURN_TYPE = YES_ERROR;
				GCC_WARN_UNDECLARED_SELECTOR = YES;
				GCC_WARN_UNINITIALIZED_AUTOS = YES_AGGRESSIVE;
				GCC_WARN_UNUSED_FUNCTION = YES;
				GCC_WARN_UNUSED_VARIABLE = YES;
				IPHONEOS_DEPLOYMENT_TARGET = 10.2;
				MTL_ENABLE_DEBUG_INFO = NO;
				SDKROOT = iphoneos;
				SWIFT_OPTIMIZATION_LEVEL = "-Owholemodule";
				VALIDATE_PRODUCT = YES;
			};
			name = Release;
		};
		986D83651F682905006ED37F /* Debug */ = {
			isa = XCBuildConfiguration;
			baseConfigurationReference = 8ED6EA4077C825C402E0F5C4 /* Pods-MovieViewer.debug.xcconfig */;
			buildSettings = {
				ASSETCATALOG_COMPILER_APPICON_NAME = AppIcon;
				INFOPLIST_FILE = MovieViewer/Info.plist;
				LD_RUNPATH_SEARCH_PATHS = "$(inherited) @executable_path/Frameworks";
				PRODUCT_BUNDLE_IDENTIFIER = com.rnr.MovieViewer;
				PRODUCT_NAME = "$(TARGET_NAME)";
				SWIFT_VERSION = 3.0;
			};
			name = Debug;
		};
		986D83661F682905006ED37F /* Release */ = {
			isa = XCBuildConfiguration;
			baseConfigurationReference = C692D667941B5813A76C4C92 /* Pods-MovieViewer.release.xcconfig */;
			buildSettings = {
				ASSETCATALOG_COMPILER_APPICON_NAME = AppIcon;
				INFOPLIST_FILE = MovieViewer/Info.plist;
				LD_RUNPATH_SEARCH_PATHS = "$(inherited) @executable_path/Frameworks";
				PRODUCT_BUNDLE_IDENTIFIER = com.rnr.MovieViewer;
				PRODUCT_NAME = "$(TARGET_NAME)";
				SWIFT_VERSION = 3.0;
			};
			name = Release;
		};
/* End XCBuildConfiguration section */

/* Begin XCConfigurationList section */
		986D834D1F682905006ED37F /* Build configuration list for PBXProject "MovieViewer" */ = {
			isa = XCConfigurationList;
			buildConfigurations = (
				986D83621F682905006ED37F /* Debug */,
				986D83631F682905006ED37F /* Release */,
			);
			defaultConfigurationIsVisible = 0;
			defaultConfigurationName = Release;
		};
		986D83641F682905006ED37F /* Build configuration list for PBXNativeTarget "MovieViewer" */ = {
			isa = XCConfigurationList;
			buildConfigurations = (
				986D83651F682905006ED37F /* Debug */,
				986D83661F682905006ED37F /* Release */,
			);
			defaultConfigurationIsVisible = 0;
			defaultConfigurationName = Release;
		};
/* End XCConfigurationList section */
	};
	rootObject = 986D834A1F682905006ED37F /* Project object */;
}
